
Microsoft Visual Studio Solution File, Format Version 12.00
# Visual Studio Version 17
VisualStudioVersion = 17.10.35013.160
MinimumVisualStudioVersion = 10.0.40219.1
Project("{9A19103F-16F7-4668-BE54-9A1E7A4F7556}") = "Patient.API", "Patient.API\Patient.API.csproj", "{3F305914-B400-4AD3-AE55-8220526B4B8E}"
EndProject
Project("{9A19103F-16F7-4668-BE54-9A1E7A4F7556}") = "Patient.BLL", "Patient.BLL\Patient.BLL.csproj", "{4C93D811-764A-4C28-B8C4-705E23F1E062}"
EndProject
Project("{9A19103F-16F7-4668-BE54-9A1E7A4F7556}") = "Patient.DAL", "Patient.DAL\Patient.DAL.csproj", "{A3792662-28E5-40D3-A922-A6979CA451E5}"
EndProject
Global
	GlobalSection(SolutionConfigurationPlatforms) = preSolution
		Debug|Any CPU = Debug|Any CPU
		Release|Any CPU = Release|Any CPU
	EndGlobalSection
	GlobalSection(ProjectConfigurationPlatforms) = postSolution
		{3F305914-B400-4AD3-AE55-8220526B4B8E}.Debug|Any CPU.ActiveCfg = Debug|Any CPU
		{3F305914-B400-4AD3-AE55-8220526B4B8E}.Debug|Any CPU.Build.0 = Debug|Any CPU
		{3F305914-B400-4AD3-AE55-8220526B4B8E}.Release|Any CPU.ActiveCfg = Release|Any CPU
		{3F305914-B400-4AD3-AE55-8220526B4B8E}.Release|Any CPU.Build.0 = Release|Any CPU
		{4C93D811-764A-4C28-B8C4-705E23F1E062}.Debug|Any CPU.ActiveCfg = Debug|Any CPU
		{4C93D811-764A-4C28-B8C4-705E23F1E062}.Debug|Any CPU.Build.0 = Debug|Any CPU
		{4C93D811-764A-4C28-B8C4-705E23F1E062}.Release|Any CPU.ActiveCfg = Release|Any CPU
		{4C93D811-764A-4C28-B8C4-705E23F1E062}.Release|Any CPU.Build.0 = Release|Any CPU
		{A3792662-28E5-40D3-A922-A6979CA451E5}.Debug|Any CPU.ActiveCfg = Debug|Any CPU
		{A3792662-28E5-40D3-A922-A6979CA451E5}.Debug|Any CPU.Build.0 = Debug|Any CPU
		{A3792662-28E5-40D3-A922-A6979CA451E5}.Release|Any CPU.ActiveCfg = Release|Any CPU
		{A3792662-28E5-40D3-A922-A6979CA451E5}.Release|Any CPU.Build.0 = Release|Any CPU
	EndGlobalSection
	GlobalSection(SolutionProperties) = preSolution
		HideSolutionNode = FALSE
	EndGlobalSection
	GlobalSection(ExtensibilityGlobals) = postSolution
		SolutionGuid = {4193EE1E-2D76-4863-B855-2481FB0084D4}
	EndGlobalSection
EndGlobal
